// !$*UTF8*$!
{
	archiveVersion = 1;
	classes = {
	};
	objectVersion = 77;
	objects = {

/* Begin PBXBuildFile section */
		846127B62F3EF2AE0075B2E4 /* SearchViewiPad.swift in Sources */ = {isa = PBXBuildFile; fileRef = 846127B52F3EF29F0075B2E4 /* SearchViewiPad.swift */; };
		846127B82F3EFF8D0075B2E4 /* LoadingView.swift in Sources */ = {isa = PBXBuildFile; fileRef = 846127B72F3EFF890075B2E4 /* LoadingView.swift */; };
		846127C02F3F7C550075B2E4 /* WidgetKit.framework in Frameworks */ = {isa = PBXBuildFile; fileRef = 846127BF2F3F7C550075B2E4 /* WidgetKit.framework */; };
		846127C22F3F7C550075B2E4 /* SwiftUI.framework in Frameworks */ = {isa = PBXBuildFile; fileRef = 846127C12F3F7C550075B2E4 /* SwiftUI.framework */; };
		846127CD2F3F7C570075B2E4 /* TankoWidgetExtension.appex in Embed Foundation Extensions */ = {isa = PBXBuildFile; fileRef = 846127BD2F3F7C550075B2E4 /* TankoWidgetExtension.appex */; platformFilter = ios; settings = {ATTRIBUTES = (RemoveHeadersOnCopy, ); }; };
		846127EE2F3F91610075B2E4 /* ReadingManga.swift in Sources */ = {isa = PBXBuildFile; fileRef = 846127ED2F3F91530075B2E4 /* ReadingManga.swift */; };
		846127EF2F3F97090075B2E4 /* ReadingManga.swift in Sources */ = {isa = PBXBuildFile; fileRef = 846127ED2F3F91530075B2E4 /* ReadingManga.swift */; };
		846127F62F3F9D0B0075B2E4 /* PreviewData.swift in Sources */ = {isa = PBXBuildFile; fileRef = 846127F52F3F9D080075B2E4 /* PreviewData.swift */; };
		846128072F3FBD490075B2E4 /* UserMangaCollection.swift in Sources */ = {isa = PBXBuildFile; fileRef = 846128062F3FBD400075B2E4 /* UserMangaCollection.swift */; };
		8461282C2F411B820075B2E4 /* Assets.xcassets in Resources */ = {isa = PBXBuildFile; fileRef = 84EF4A2B2EFAE00400EE4B89 /* Assets.xcassets */; };
		8497599E2F2000A40049E62F /* URL+List.swift in Sources */ = {isa = PBXBuildFile; fileRef = 8497599D2F2000960049E62F /* URL+List.swift */; };
		849759A02F20011E0049E62F /* NetworkConstants.swift in Sources */ = {isa = PBXBuildFile; fileRef = 8497599F2F2001180049E62F /* NetworkConstants.swift */; };
		849759A22F20056C0049E62F /* URL+Search.swift in Sources */ = {isa = PBXBuildFile; fileRef = 849759A12F2005650049E62F /* URL+Search.swift */; };
		849759A42F20092C0049E62F /* URL+Users.swift in Sources */ = {isa = PBXBuildFile; fileRef = 849759A32F2009220049E62F /* URL+Users.swift */; };
		849759A62F200BA80049E62F /* URL+Collection.swift in Sources */ = {isa = PBXBuildFile; fileRef = 849759A52F200BA40049E62F /* URL+Collection.swift */; };
		849759A82F203AAD0049E62F /* URLRequest+Auth.swift in Sources */ = {isa = PBXBuildFile; fileRef = 849759A72F203AA20049E62F /* URLRequest+Auth.swift */; };
		849759AB2F204D5F0049E62F /* NetworkRepository.swift in Sources */ = {isa = PBXBuildFile; fileRef = 849759AA2F204D5A0049E62F /* NetworkRepository.swift */; };
		849759AD2F214DD00049E62F /* Network.swift in Sources */ = {isa = PBXBuildFile; fileRef = 849759AC2F214DCD0049E62F /* Network.swift */; };
		849759AF2F214DD70049E62F /* NetworkTest.swift in Sources */ = {isa = PBXBuildFile; fileRef = 849759AE2F214DD30049E62F /* NetworkTest.swift */; };
		849759B22F2156850049E62F /* MangaViewModel.swift in Sources */ = {isa = PBXBuildFile; fileRef = 849759B12F2156850049E62F /* MangaViewModel.swift */; };
		849759B82F2164A20049E62F /* MangaRow.swift in Sources */ = {isa = PBXBuildFile; fileRef = 849759B72F21649E0049E62F /* MangaRow.swift */; };
		849759BA2F2165130049E62F /* MangaDetailView.swift in Sources */ = {isa = PBXBuildFile; fileRef = 849759B92F21650F0049E62F /* MangaDetailView.swift */; };
		849759BC2F216B1C0049E62F /* MainTabView.swift in Sources */ = {isa = PBXBuildFile; fileRef = 849759BB2F216B180049E62F /* MainTabView.swift */; };
		849759C22F217D260049E62F /* ImageDownloader.swift in Sources */ = {isa = PBXBuildFile; fileRef = 849759C12F217D210049E62F /* ImageDownloader.swift */; };
		849759C42F217D7D0049E62F /* UIImage.swift in Sources */ = {isa = PBXBuildFile; fileRef = 849759C32F217D770049E62F /* UIImage.swift */; };
		849759C62F218E180049E62F /* SearchView.swift in Sources */ = {isa = PBXBuildFile; fileRef = 849759C52F218E130049E62F /* SearchView.swift */; };
		849759C82F218E730049E62F /* SearchViewModel.swift in Sources */ = {isa = PBXBuildFile; fileRef = 849759C72F218E700049E62F /* SearchViewModel.swift */; };
		849759CC2F24EBD60049E62F /* ContentViewiPad.swift in Sources */ = {isa = PBXBuildFile; fileRef = 849759CB2F24EBCF0049E62F /* ContentViewiPad.swift */; };
		849759CE2F2522FC0049E62F /* ListEmptyView.swift in Sources */ = {isa = PBXBuildFile; fileRef = 849759CD2F2522EF0049E62F /* ListEmptyView.swift */; };
		849759D02F2526F50049E62F /* AppColors.swift in Sources */ = {isa = PBXBuildFile; fileRef = 849759CF2F2526EF0049E62F /* AppColors.swift */; };
		849759F22F2545520049E62F /* CoverView.swift in Sources */ = {isa = PBXBuildFile; fileRef = 849759F12F25454A0049E62F /* CoverView.swift */; };
		849759F42F2545C90049E62F /* CoverVM.swift in Sources */ = {isa = PBXBuildFile; fileRef = 849759F32F2545C70049E62F /* CoverVM.swift */; };
		849759F62F257B2E0049E62F /* BestMangaViewModel.swift in Sources */ = {isa = PBXBuildFile; fileRef = 849759F52F257B2A0049E62F /* BestMangaViewModel.swift */; };
		849759FC2F2583650049E62F /* MangaCard.swift in Sources */ = {isa = PBXBuildFile; fileRef = 849759FB2F2583620049E62F /* MangaCard.swift */; };
		84A18A092F36C61A008AB07B /* UserMangaCollectionViewModel.swift in Sources */ = {isa = PBXBuildFile; fileRef = 84A18A082F36C613008AB07B /* UserMangaCollectionViewModel.swift */; };
		84A18A8C2F38091E008AB07B /* AuthorMangaView.swift in Sources */ = {isa = PBXBuildFile; fileRef = 84A18A8B2F380912008AB07B /* AuthorMangaView.swift */; };
		84A18A8E2F380977008AB07B /* AuthorViewModel.swift in Sources */ = {isa = PBXBuildFile; fileRef = 84A18A8D2F380972008AB07B /* AuthorViewModel.swift */; };
		84A18A902F380B49008AB07B /* MangaGridCard.swift in Sources */ = {isa = PBXBuildFile; fileRef = 84A18A8F2F380B39008AB07B /* MangaGridCard.swift */; };
		84A18A922F386028008AB07B /* AddMangaToCollection.swift in Sources */ = {isa = PBXBuildFile; fileRef = 84A18A912F386023008AB07B /* AddMangaToCollection.swift */; };
		84A18A942F3925B0008AB07B /* SessionManager.swift in Sources */ = {isa = PBXBuildFile; fileRef = 84A18A932F3925AA008AB07B /* SessionManager.swift */; };
		84A18A962F3925F2008AB07B /* KeychainService.swift in Sources */ = {isa = PBXBuildFile; fileRef = 84A18A952F3925EB008AB07B /* KeychainService.swift */; };
		84A18A982F39F087008AB07B /* RootView.swift in Sources */ = {isa = PBXBuildFile; fileRef = 84A18A972F39F083008AB07B /* RootView.swift */; };
		84A18A9A2F39F0D3008AB07B /* OnboardingView.swift in Sources */ = {isa = PBXBuildFile; fileRef = 84A18A992F39F0C8008AB07B /* OnboardingView.swift */; };
		84A18AD22F3A242B008AB07B /* LoginView.swift in Sources */ = {isa = PBXBuildFile; fileRef = 84A18AD12F3A2425008AB07B /* LoginView.swift */; };
		84A18AD42F3A24B9008AB07B /* RegisterView.swift in Sources */ = {isa = PBXBuildFile; fileRef = 84A18AD32F3A24B7008AB07B /* RegisterView.swift */; };
		84A18AD62F3A2667008AB07B /* AuthError.swift in Sources */ = {isa = PBXBuildFile; fileRef = 84A18AD52F3A265E008AB07B /* AuthError.swift */; };
		84A18AD82F3A37DC008AB07B /* MangaCollectionRepository.swift in Sources */ = {isa = PBXBuildFile; fileRef = 84A18AD72F3A37D4008AB07B /* MangaCollectionRepository.swift */; };
		84A18ADA2F3A381C008AB07B /* LocalMangaCollectionRepository.swift in Sources */ = {isa = PBXBuildFile; fileRef = 84A18AD92F3A3812008AB07B /* LocalMangaCollectionRepository.swift */; };
		84A18ADC2F3A3949008AB07B /* RemoteMangaCollectionRepository.swift in Sources */ = {isa = PBXBuildFile; fileRef = 84A18ADB2F3A3941008AB07B /* RemoteMangaCollectionRepository.swift */; };
		84A18ADE2F3A7531008AB07B /* CollectionRepositoryFactory.swift in Sources */ = {isa = PBXBuildFile; fileRef = 84A18ADD2F3A7529008AB07B /* CollectionRepositoryFactory.swift */; };
		84A18AE02F3B4425008AB07B /* MangaCollectionSyncService.swift in Sources */ = {isa = PBXBuildFile; fileRef = 84A18ADF2F3B441C008AB07B /* MangaCollectionSyncService.swift */; };
		84A18AE22F3BAC93008AB07B /* LoginViewModel.swift in Sources */ = {isa = PBXBuildFile; fileRef = 84A18AE12F3BAC8F008AB07B /* LoginViewModel.swift */; };
		84A18AE42F3BACA8008AB07B /* RegisterViewModel.swift in Sources */ = {isa = PBXBuildFile; fileRef = 84A18AE32F3BACA4008AB07B /* RegisterViewModel.swift */; };
		84A18AE62F3BB071008AB07B /* AuthValidator.swift in Sources */ = {isa = PBXBuildFile; fileRef = 84A18AE52F3BB06C008AB07B /* AuthValidator.swift */; };
		84A18AEE2F3C957C008AB07B /* ProfileView.swift in Sources */ = {isa = PBXBuildFile; fileRef = 84A18AED2F3C9576008AB07B /* ProfileView.swift */; };
		84A18AF22F3CBD7C008AB07B /* LocalDatabaseCleaner.swift in Sources */ = {isa = PBXBuildFile; fileRef = 84A18AF12F3CBD76008AB07B /* LocalDatabaseCleaner.swift */; };
		84A18AF42F3CD198008AB07B /* EmojiPickerView.swift in Sources */ = {isa = PBXBuildFile; fileRef = 84A18AF32F3CD190008AB07B /* EmojiPickerView.swift */; };
		84A18AF62F3CD1BE008AB07B /* CollectionView.swift in Sources */ = {isa = PBXBuildFile; fileRef = 84A18AF52F3CD1BA008AB07B /* CollectionView.swift */; };
		84A18AF82F3CD29B008AB07B /* AppSettings.swift in Sources */ = {isa = PBXBuildFile; fileRef = 84A18AF72F3CD286008AB07B /* AppSettings.swift */; };
		84B32A1F2F30E71B00F28131 /* Localizable.xcstrings in Resources */ = {isa = PBXBuildFile; fileRef = 84B32A1E2F30E71B00F28131 /* Localizable.xcstrings */; };
		84CF6EE42F3D44CF00F2E6B5 /* AuthorMangaViewiPad.swift in Sources */ = {isa = PBXBuildFile; fileRef = 84CF6EE32F3D44C400F2E6B5 /* AuthorMangaViewiPad.swift */; };
		84CF6EE92F3E459500F2E6B5 /* PreviewHelpers.swift in Sources */ = {isa = PBXBuildFile; fileRef = 84CF6EE82F3E459000F2E6B5 /* PreviewHelpers.swift */; };
		84EF4A2F2EFAE00400EE4B89 /* Assets.xcassets in Resources */ = {isa = PBXBuildFile; fileRef = 84EF4A2B2EFAE00400EE4B89 /* Assets.xcassets */; };
		84EF4A302EFAE00400EE4B89 /* ContentView.swift in Sources */ = {isa = PBXBuildFile; fileRef = 84EF4A2C2EFAE00400EE4B89 /* ContentView.swift */; };
		84EF4A312EFAE00400EE4B89 /* TankoApp.swift in Sources */ = {isa = PBXBuildFile; fileRef = 84EF4A2D2EFAE00400EE4B89 /* TankoApp.swift */; };
		84EF9DE02F1EEACC00EC2491 /* MangaDTO.swift in Sources */ = {isa = PBXBuildFile; fileRef = 84EF9DDF2F1EEAC100EC2491 /* MangaDTO.swift */; };
		84EF9DE22F1EEF9400EC2491 /* PageDTO.swift in Sources */ = {isa = PBXBuildFile; fileRef = 84EF9DE12F1EEF9100EC2491 /* PageDTO.swift */; };
		84EF9DE42F1EF0D400EC2491 /* UserDTO.swift in Sources */ = {isa = PBXBuildFile; fileRef = 84EF9DE32F1EF0B700EC2491 /* UserDTO.swift */; };
		84EF9DE62F1EF24600EC2491 /* AuthorDTO.swift in Sources */ = {isa = PBXBuildFile; fileRef = 84EF9DE52F1EF24400EC2491 /* AuthorDTO.swift */; };
		84EF9DE82F1EF25B00EC2491 /* UserMangaCollectionDTO.swift in Sources */ = {isa = PBXBuildFile; fileRef = 84EF9DE72F1EF25300EC2491 /* UserMangaCollectionDTO.swift */; };
		84EF9DEA2F1EF2AB00EC2491 /* CustomSearchDTO.swift in Sources */ = {isa = PBXBuildFile; fileRef = 84EF9DE92F1EF2A400EC2491 /* CustomSearchDTO.swift */; };
		84EF9DEC2F1EF2C800EC2491 /* GenreDTO.swift in Sources */ = {isa = PBXBuildFile; fileRef = 84EF9DEB2F1EF2C400EC2491 /* GenreDTO.swift */; };
		84EF9DEE2F1EF2DF00EC2491 /* ThemeDTO.swift in Sources */ = {isa = PBXBuildFile; fileRef = 84EF9DED2F1EF2DC00EC2491 /* ThemeDTO.swift */; };
		84EF9DF02F1EF2FF00EC2491 /* DemographicDTO.swift in Sources */ = {isa = PBXBuildFile; fileRef = 84EF9DEF2F1EF2FA00EC2491 /* DemographicDTO.swift */; };
		84EF9DF22F1EF36600EC2491 /* Manga.swift in Sources */ = {isa = PBXBuildFile; fileRef = 84EF9DF12F1EF36200EC2491 /* Manga.swift */; };
		84EF9DF42F1EF41500EC2491 /* Author.swift in Sources */ = {isa = PBXBuildFile; fileRef = 84EF9DF32F1EF41300EC2491 /* Author.swift */; };
		84EF9DF62F1EF50100EC2491 /* Enums.swift in Sources */ = {isa = PBXBuildFile; fileRef = 84EF9DF52F1EF4FE00EC2491 /* Enums.swift */; };
		84EF9DF82F1EFA0C00EC2491 /* User.swift in Sources */ = {isa = PBXBuildFile; fileRef = 84EF9DF72F1EFA0B00EC2491 /* User.swift */; };
		84EF9DFA2F1EFA9200EC2491 /* Page.swift in Sources */ = {isa = PBXBuildFile; fileRef = 84EF9DF92F1EFA9000EC2491 /* Page.swift */; };
		84EF9DFF2F1F9D1400EC2491 /* Extensions.swift in Sources */ = {isa = PBXBuildFile; fileRef = 84EF9DFE2F1F9D0C00EC2491 /* Extensions.swift */; };
		84EF9E032F1FA2DD00EC2491 /* Model.swift in Sources */ = {isa = PBXBuildFile; fileRef = 84EF9E022F1FA2D800EC2491 /* Model.swift */; };
		84EF9E072F1FA2F900EC2491 /* PreviewDataModel.swift in Sources */ = {isa = PBXBuildFile; fileRef = 84EF9E062F1FA2EF00EC2491 /* PreviewDataModel.swift */; };
		84EF9E092F1FA30400EC2491 /* PreviewContainer.swift in Sources */ = {isa = PBXBuildFile; fileRef = 84EF9E082F1FA2FC00EC2491 /* PreviewContainer.swift */; };
		84EF9E0B2F1FA30D00EC2491 /* DataContainer.swift in Sources */ = {isa = PBXBuildFile; fileRef = 84EF9E0A2F1FA30600EC2491 /* DataContainer.swift */; };
		84EF9E0D2F1FAE0800EC2491 /* URL.swift in Sources */ = {isa = PBXBuildFile; fileRef = 84EF9E0C2F1FADFD00EC2491 /* URL.swift */; };
		84EF9E0F2F1FAE1700EC2491 /* URLRequest.swift in Sources */ = {isa = PBXBuildFile; fileRef = 84EF9E0E2F1FAE1200EC2491 /* URLRequest.swift */; };
		84EF9E112F1FAE1C00EC2491 /* URLSession.swift in Sources */ = {isa = PBXBuildFile; fileRef = 84EF9E102F1FAE1900EC2491 /* URLSession.swift */; };
		84EF9E132F1FAE2700EC2491 /* NetworkError.swift in Sources */ = {isa = PBXBuildFile; fileRef = 84EF9E122F1FAE2000EC2491 /* NetworkError.swift */; };
		84EF9E152F1FAE3000EC2491 /* NetworkInteractor.swift in Sources */ = {isa = PBXBuildFile; fileRef = 84EF9E142F1FAE2B00EC2491 /* NetworkInteractor.swift */; };
		84FED6542F31798200950A9F /* FiltersViewModel.swift in Sources */ = {isa = PBXBuildFile; fileRef = 84FED6532F31797C00950A9F /* FiltersViewModel.swift */; };
		84FED6562F317A1E00950A9F /* FiltersView.swift in Sources */ = {isa = PBXBuildFile; fileRef = 84FED6552F317A1800950A9F /* FiltersView.swift */; };
/* End PBXBuildFile section */

/* Begin PBXContainerItemProxy section */
		846127CB2F3F7C570075B2E4 /* PBXContainerItemProxy */ = {
			isa = PBXContainerItemProxy;
			containerPortal = 84EF4A152EFAC07C00EE4B89 /* Project object */;
			proxyType = 1;
			remoteGlobalIDString = 846127BC2F3F7C550075B2E4;
			remoteInfo = TankoWidgetExtension;
		};
/* End PBXContainerItemProxy section */

/* Begin PBXCopyFilesBuildPhase section */
		846127D22F3F7C570075B2E4 /* Embed Foundation Extensions */ = {
			isa = PBXCopyFilesBuildPhase;
			buildActionMask = 2147483647;
			dstPath = "";
			dstSubfolderSpec = 13;
			files = (
				846127CD2F3F7C570075B2E4 /* TankoWidgetExtension.appex in Embed Foundation Extensions */,
			);
			name = "Embed Foundation Extensions";
			runOnlyForDeploymentPostprocessing = 0;
		};
/* End PBXCopyFilesBuildPhase section */

/* Begin PBXFileReference section */
		846127B52F3EF29F0075B2E4 /* SearchViewiPad.swift */ = {isa = PBXFileReference; lastKnownFileType = sourcecode.swift; path = SearchViewiPad.swift; sourceTree = "<group>"; };
		846127B72F3EFF890075B2E4 /* LoadingView.swift */ = {isa = PBXFileReference; lastKnownFileType = sourcecode.swift; path = LoadingView.swift; sourceTree = "<group>"; };
		846127BD2F3F7C550075B2E4 /* TankoWidgetExtension.appex */ = {isa = PBXFileReference; explicitFileType = "wrapper.app-extension"; includeInIndex = 0; path = TankoWidgetExtension.appex; sourceTree = BUILT_PRODUCTS_DIR; };
		846127BF2F3F7C550075B2E4 /* WidgetKit.framework */ = {isa = PBXFileReference; lastKnownFileType = wrapper.framework; name = WidgetKit.framework; path = System/Library/Frameworks/WidgetKit.framework; sourceTree = SDKROOT; };
		846127C12F3F7C550075B2E4 /* SwiftUI.framework */ = {isa = PBXFileReference; lastKnownFileType = wrapper.framework; name = SwiftUI.framework; path = System/Library/Frameworks/SwiftUI.framework; sourceTree = SDKROOT; };
		846127ED2F3F91530075B2E4 /* ReadingManga.swift */ = {isa = PBXFileReference; lastKnownFileType = sourcecode.swift; path = ReadingManga.swift; sourceTree = "<group>"; };
		846127F52F3F9D080075B2E4 /* PreviewData.swift */ = {isa = PBXFileReference; lastKnownFileType = sourcecode.swift; path = PreviewData.swift; sourceTree = "<group>"; };
		846128062F3FBD400075B2E4 /* UserMangaCollection.swift */ = {isa = PBXFileReference; lastKnownFileType = sourcecode.swift; path = UserMangaCollection.swift; sourceTree = "<group>"; };
		8497599D2F2000960049E62F /* URL+List.swift */ = {isa = PBXFileReference; lastKnownFileType = sourcecode.swift; path = "URL+List.swift"; sourceTree = "<group>"; };
		8497599F2F2001180049E62F /* NetworkConstants.swift */ = {isa = PBXFileReference; lastKnownFileType = sourcecode.swift; path = NetworkConstants.swift; sourceTree = "<group>"; };
		849759A12F2005650049E62F /* URL+Search.swift */ = {isa = PBXFileReference; lastKnownFileType = sourcecode.swift; path = "URL+Search.swift"; sourceTree = "<group>"; };
		849759A32F2009220049E62F /* URL+Users.swift */ = {isa = PBXFileReference; lastKnownFileType = sourcecode.swift; path = "URL+Users.swift"; sourceTree = "<group>"; };
		849759A52F200BA40049E62F /* URL+Collection.swift */ = {isa = PBXFileReference; lastKnownFileType = sourcecode.swift; path = "URL+Collection.swift"; sourceTree = "<group>"; };
		849759A72F203AA20049E62F /* URLRequest+Auth.swift */ = {isa = PBXFileReference; lastKnownFileType = sourcecode.swift; path = "URLRequest+Auth.swift"; sourceTree = "<group>"; };
		849759AA2F204D5A0049E62F /* NetworkRepository.swift */ = {isa = PBXFileReference; lastKnownFileType = sourcecode.swift; path = NetworkRepository.swift; sourceTree = "<group>"; };
		849759AC2F214DCD0049E62F /* Network.swift */ = {isa = PBXFileReference; lastKnownFileType = sourcecode.swift; path = Network.swift; sourceTree = "<group>"; };
		849759AE2F214DD30049E62F /* NetworkTest.swift */ = {isa = PBXFileReference; lastKnownFileType = sourcecode.swift; path = NetworkTest.swift; sourceTree = "<group>"; };
		849759B12F2156850049E62F /* MangaViewModel.swift */ = {isa = PBXFileReference; lastKnownFileType = sourcecode.swift; path = MangaViewModel.swift; sourceTree = "<group>"; };
		849759B72F21649E0049E62F /* MangaRow.swift */ = {isa = PBXFileReference; lastKnownFileType = sourcecode.swift; path = MangaRow.swift; sourceTree = "<group>"; };
		849759B92F21650F0049E62F /* MangaDetailView.swift */ = {isa = PBXFileReference; lastKnownFileType = sourcecode.swift; path = MangaDetailView.swift; sourceTree = "<group>"; };
		849759BB2F216B180049E62F /* MainTabView.swift */ = {isa = PBXFileReference; lastKnownFileType = sourcecode.swift; path = MainTabView.swift; sourceTree = "<group>"; };
		849759C12F217D210049E62F /* ImageDownloader.swift */ = {isa = PBXFileReference; lastKnownFileType = sourcecode.swift; path = ImageDownloader.swift; sourceTree = "<group>"; };
		849759C32F217D770049E62F /* UIImage.swift */ = {isa = PBXFileReference; lastKnownFileType = sourcecode.swift; path = UIImage.swift; sourceTree = "<group>"; };
		849759C52F218E130049E62F /* SearchView.swift */ = {isa = PBXFileReference; lastKnownFileType = sourcecode.swift; path = SearchView.swift; sourceTree = "<group>"; };
		849759C72F218E700049E62F /* SearchViewModel.swift */ = {isa = PBXFileReference; lastKnownFileType = sourcecode.swift; path = SearchViewModel.swift; sourceTree = "<group>"; };
		849759CB2F24EBCF0049E62F /* ContentViewiPad.swift */ = {isa = PBXFileReference; lastKnownFileType = sourcecode.swift; path = ContentViewiPad.swift; sourceTree = "<group>"; };
		849759CD2F2522EF0049E62F /* ListEmptyView.swift */ = {isa = PBXFileReference; lastKnownFileType = sourcecode.swift; path = ListEmptyView.swift; sourceTree = "<group>"; };
		849759CF2F2526EF0049E62F /* AppColors.swift */ = {isa = PBXFileReference; lastKnownFileType = sourcecode.swift; path = AppColors.swift; sourceTree = "<group>"; };
		849759F12F25454A0049E62F /* CoverView.swift */ = {isa = PBXFileReference; lastKnownFileType = sourcecode.swift; path = CoverView.swift; sourceTree = "<group>"; };
		849759F32F2545C70049E62F /* CoverVM.swift */ = {isa = PBXFileReference; lastKnownFileType = sourcecode.swift; path = CoverVM.swift; sourceTree = "<group>"; };
		849759F52F257B2A0049E62F /* BestMangaViewModel.swift */ = {isa = PBXFileReference; lastKnownFileType = sourcecode.swift; path = BestMangaViewModel.swift; sourceTree = "<group>"; };
		849759FB2F2583620049E62F /* MangaCard.swift */ = {isa = PBXFileReference; lastKnownFileType = sourcecode.swift; path = MangaCard.swift; sourceTree = "<group>"; };
		84A18A082F36C613008AB07B /* UserMangaCollectionViewModel.swift */ = {isa = PBXFileReference; lastKnownFileType = sourcecode.swift; path = UserMangaCollectionViewModel.swift; sourceTree = "<group>"; };
		84A18A8B2F380912008AB07B /* AuthorMangaView.swift */ = {isa = PBXFileReference; lastKnownFileType = sourcecode.swift; path = AuthorMangaView.swift; sourceTree = "<group>"; };
		84A18A8D2F380972008AB07B /* AuthorViewModel.swift */ = {isa = PBXFileReference; lastKnownFileType = sourcecode.swift; path = AuthorViewModel.swift; sourceTree = "<group>"; };
		84A18A8F2F380B39008AB07B /* MangaGridCard.swift */ = {isa = PBXFileReference; lastKnownFileType = sourcecode.swift; path = MangaGridCard.swift; sourceTree = "<group>"; };
		84A18A912F386023008AB07B /* AddMangaToCollection.swift */ = {isa = PBXFileReference; lastKnownFileType = sourcecode.swift; path = AddMangaToCollection.swift; sourceTree = "<group>"; };
		84A18A932F3925AA008AB07B /* SessionManager.swift */ = {isa = PBXFileReference; lastKnownFileType = sourcecode.swift; path = SessionManager.swift; sourceTree = "<group>"; };
		84A18A952F3925EB008AB07B /* KeychainService.swift */ = {isa = PBXFileReference; lastKnownFileType = sourcecode.swift; path = KeychainService.swift; sourceTree = "<group>"; };
		84A18A972F39F083008AB07B /* RootView.swift */ = {isa = PBXFileReference; lastKnownFileType = sourcecode.swift; path = RootView.swift; sourceTree = "<group>"; };
		84A18A992F39F0C8008AB07B /* OnboardingView.swift */ = {isa = PBXFileReference; lastKnownFileType = sourcecode.swift; path = OnboardingView.swift; sourceTree = "<group>"; };
		84A18AD12F3A2425008AB07B /* LoginView.swift */ = {isa = PBXFileReference; lastKnownFileType = sourcecode.swift; path = LoginView.swift; sourceTree = "<group>"; };
		84A18AD32F3A24B7008AB07B /* RegisterView.swift */ = {isa = PBXFileReference; lastKnownFileType = sourcecode.swift; path = RegisterView.swift; sourceTree = "<group>"; };
		84A18AD52F3A265E008AB07B /* AuthError.swift */ = {isa = PBXFileReference; lastKnownFileType = sourcecode.swift; path = AuthError.swift; sourceTree = "<group>"; };
		84A18AD72F3A37D4008AB07B /* MangaCollectionRepository.swift */ = {isa = PBXFileReference; lastKnownFileType = sourcecode.swift; path = MangaCollectionRepository.swift; sourceTree = "<group>"; };
		84A18AD92F3A3812008AB07B /* LocalMangaCollectionRepository.swift */ = {isa = PBXFileReference; lastKnownFileType = sourcecode.swift; path = LocalMangaCollectionRepository.swift; sourceTree = "<group>"; };
		84A18ADB2F3A3941008AB07B /* RemoteMangaCollectionRepository.swift */ = {isa = PBXFileReference; lastKnownFileType = sourcecode.swift; path = RemoteMangaCollectionRepository.swift; sourceTree = "<group>"; };
		84A18ADD2F3A7529008AB07B /* CollectionRepositoryFactory.swift */ = {isa = PBXFileReference; lastKnownFileType = sourcecode.swift; path = CollectionRepositoryFactory.swift; sourceTree = "<group>"; };
		84A18ADF2F3B441C008AB07B /* MangaCollectionSyncService.swift */ = {isa = PBXFileReference; lastKnownFileType = sourcecode.swift; path = MangaCollectionSyncService.swift; sourceTree = "<group>"; };
		84A18AE12F3BAC8F008AB07B /* LoginViewModel.swift */ = {isa = PBXFileReference; lastKnownFileType = sourcecode.swift; path = LoginViewModel.swift; sourceTree = "<group>"; };
		84A18AE32F3BACA4008AB07B /* RegisterViewModel.swift */ = {isa = PBXFileReference; lastKnownFileType = sourcecode.swift; path = RegisterViewModel.swift; sourceTree = "<group>"; };
		84A18AE52F3BB06C008AB07B /* AuthValidator.swift */ = {isa = PBXFileReference; lastKnownFileType = sourcecode.swift; path = AuthValidator.swift; sourceTree = "<group>"; };
		84A18AED2F3C9576008AB07B /* ProfileView.swift */ = {isa = PBXFileReference; lastKnownFileType = sourcecode.swift; path = ProfileView.swift; sourceTree = "<group>"; };
		84A18AF12F3CBD76008AB07B /* LocalDatabaseCleaner.swift */ = {isa = PBXFileReference; lastKnownFileType = sourcecode.swift; path = LocalDatabaseCleaner.swift; sourceTree = "<group>"; };
		84A18AF32F3CD190008AB07B /* EmojiPickerView.swift */ = {isa = PBXFileReference; lastKnownFileType = sourcecode.swift; path = EmojiPickerView.swift; sourceTree = "<group>"; };
		84A18AF52F3CD1BA008AB07B /* CollectionView.swift */ = {isa = PBXFileReference; lastKnownFileType = sourcecode.swift; path = CollectionView.swift; sourceTree = "<group>"; };
		84A18AF72F3CD286008AB07B /* AppSettings.swift */ = {isa = PBXFileReference; lastKnownFileType = sourcecode.swift; path = AppSettings.swift; sourceTree = "<group>"; };
		84B32A1E2F30E71B00F28131 /* Localizable.xcstrings */ = {isa = PBXFileReference; lastKnownFileType = text.json.xcstrings; path = Localizable.xcstrings; sourceTree = "<group>"; };
		84CF6EE32F3D44C400F2E6B5 /* AuthorMangaViewiPad.swift */ = {isa = PBXFileReference; lastKnownFileType = sourcecode.swift; path = AuthorMangaViewiPad.swift; sourceTree = "<group>"; };
		84CF6EE82F3E459000F2E6B5 /* PreviewHelpers.swift */ = {isa = PBXFileReference; lastKnownFileType = sourcecode.swift; path = PreviewHelpers.swift; sourceTree = "<group>"; };
		84EF4A1D2EFAC07C00EE4B89 /* Tanko.app */ = {isa = PBXFileReference; explicitFileType = wrapper.application; includeInIndex = 0; path = Tanko.app; sourceTree = BUILT_PRODUCTS_DIR; };
		84EF4A2B2EFAE00400EE4B89 /* Assets.xcassets */ = {isa = PBXFileReference; lastKnownFileType = folder.assetcatalog; path = Assets.xcassets; sourceTree = "<group>"; };
		84EF4A2C2EFAE00400EE4B89 /* ContentView.swift */ = {isa = PBXFileReference; lastKnownFileType = sourcecode.swift; path = ContentView.swift; sourceTree = "<group>"; };
		84EF4A2D2EFAE00400EE4B89 /* TankoApp.swift */ = {isa = PBXFileReference; lastKnownFileType = sourcecode.swift; path = TankoApp.swift; sourceTree = "<group>"; };
		84EF9DDF2F1EEAC100EC2491 /* MangaDTO.swift */ = {isa = PBXFileReference; lastKnownFileType = sourcecode.swift; path = MangaDTO.swift; sourceTree = "<group>"; };
		84EF9DE12F1EEF9100EC2491 /* PageDTO.swift */ = {isa = PBXFileReference; lastKnownFileType = sourcecode.swift; path = PageDTO.swift; sourceTree = "<group>"; };
		84EF9DE32F1EF0B700EC2491 /* UserDTO.swift */ = {isa = PBXFileReference; lastKnownFileType = sourcecode.swift; path = UserDTO.swift; sourceTree = "<group>"; };
		84EF9DE52F1EF24400EC2491 /* AuthorDTO.swift */ = {isa = PBXFileReference; lastKnownFileType = sourcecode.swift; path = AuthorDTO.swift; sourceTree = "<group>"; };
		84EF9DE72F1EF25300EC2491 /* UserMangaCollectionDTO.swift */ = {isa = PBXFileReference; lastKnownFileType = sourcecode.swift; path = UserMangaCollectionDTO.swift; sourceTree = "<group>"; };
		84EF9DE92F1EF2A400EC2491 /* CustomSearchDTO.swift */ = {isa = PBXFileReference; lastKnownFileType = sourcecode.swift; path = CustomSearchDTO.swift; sourceTree = "<group>"; };
		84EF9DEB2F1EF2C400EC2491 /* GenreDTO.swift */ = {isa = PBXFileReference; lastKnownFileType = sourcecode.swift; path = GenreDTO.swift; sourceTree = "<group>"; };
		84EF9DED2F1EF2DC00EC2491 /* ThemeDTO.swift */ = {isa = PBXFileReference; lastKnownFileType = sourcecode.swift; path = ThemeDTO.swift; sourceTree = "<group>"; };
		84EF9DEF2F1EF2FA00EC2491 /* DemographicDTO.swift */ = {isa = PBXFileReference; lastKnownFileType = sourcecode.swift; path = DemographicDTO.swift; sourceTree = "<group>"; };
		84EF9DF12F1EF36200EC2491 /* Manga.swift */ = {isa = PBXFileReference; lastKnownFileType = sourcecode.swift; path = Manga.swift; sourceTree = "<group>"; };
		84EF9DF32F1EF41300EC2491 /* Author.swift */ = {isa = PBXFileReference; lastKnownFileType = sourcecode.swift; path = Author.swift; sourceTree = "<group>"; };
		84EF9DF52F1EF4FE00EC2491 /* Enums.swift */ = {isa = PBXFileReference; lastKnownFileType = sourcecode.swift; path = Enums.swift; sourceTree = "<group>"; };
		84EF9DF72F1EFA0B00EC2491 /* User.swift */ = {isa = PBXFileReference; lastKnownFileType = sourcecode.swift; path = User.swift; sourceTree = "<group>"; };
		84EF9DF92F1EFA9000EC2491 /* Page.swift */ = {isa = PBXFileReference; lastKnownFileType = sourcecode.swift; path = Page.swift; sourceTree = "<group>"; };
		84EF9DFE2F1F9D0C00EC2491 /* Extensions.swift */ = {isa = PBXFileReference; lastKnownFileType = sourcecode.swift; path = Extensions.swift; sourceTree = "<group>"; };
		84EF9E022F1FA2D800EC2491 /* Model.swift */ = {isa = PBXFileReference; lastKnownFileType = sourcecode.swift; path = Model.swift; sourceTree = "<group>"; };
		84EF9E062F1FA2EF00EC2491 /* PreviewDataModel.swift */ = {isa = PBXFileReference; lastKnownFileType = sourcecode.swift; path = PreviewDataModel.swift; sourceTree = "<group>"; };
		84EF9E082F1FA2FC00EC2491 /* PreviewContainer.swift */ = {isa = PBXFileReference; lastKnownFileType = sourcecode.swift; path = PreviewContainer.swift; sourceTree = "<group>"; };
		84EF9E0A2F1FA30600EC2491 /* DataContainer.swift */ = {isa = PBXFileReference; lastKnownFileType = sourcecode.swift; path = DataContainer.swift; sourceTree = "<group>"; };
		84EF9E0C2F1FADFD00EC2491 /* URL.swift */ = {isa = PBXFileReference; lastKnownFileType = sourcecode.swift; path = URL.swift; sourceTree = "<group>"; };
		84EF9E0E2F1FAE1200EC2491 /* URLRequest.swift */ = {isa = PBXFileReference; lastKnownFileType = sourcecode.swift; path = URLRequest.swift; sourceTree = "<group>"; };
		84EF9E102F1FAE1900EC2491 /* URLSession.swift */ = {isa = PBXFileReference; lastKnownFileType = sourcecode.swift; path = URLSession.swift; sourceTree = "<group>"; };
		84EF9E122F1FAE2000EC2491 /* NetworkError.swift */ = {isa = PBXFileReference; lastKnownFileType = sourcecode.swift; path = NetworkError.swift; sourceTree = "<group>"; };
		84EF9E142F1FAE2B00EC2491 /* NetworkInteractor.swift */ = {isa = PBXFileReference; lastKnownFileType = sourcecode.swift; path = NetworkInteractor.swift; sourceTree = "<group>"; };
		84FED6532F31797C00950A9F /* FiltersViewModel.swift */ = {isa = PBXFileReference; lastKnownFileType = sourcecode.swift; path = FiltersViewModel.swift; sourceTree = "<group>"; };
		84FED6552F317A1800950A9F /* FiltersView.swift */ = {isa = PBXFileReference; lastKnownFileType = sourcecode.swift; path = FiltersView.swift; sourceTree = "<group>"; };
/* End PBXFileReference section */

/* Begin PBXFileSystemSynchronizedBuildFileExceptionSet section */
		846127CE2F3F7C570075B2E4 /* Exceptions for "TankoWidget" folder in "TankoWidgetExtension" target */ = {
			isa = PBXFileSystemSynchronizedBuildFileExceptionSet;
			membershipExceptions = (
				Info.plist,
			);
			target = 846127BC2F3F7C550075B2E4 /* TankoWidgetExtension */;
		};
/* End PBXFileSystemSynchronizedBuildFileExceptionSet section */

/* Begin PBXFileSystemSynchronizedRootGroup section */
		846127C32F3F7C550075B2E4 /* TankoWidget */ = {
			isa = PBXFileSystemSynchronizedRootGroup;
			exceptions = (
				846127CE2F3F7C570075B2E4 /* Exceptions for "TankoWidget" folder in "TankoWidgetExtension" target */,
			);
			path = TankoWidget;
			sourceTree = "<group>";
		};
/* End PBXFileSystemSynchronizedRootGroup section */

/* Begin PBXFrameworksBuildPhase section */
		846127BA2F3F7C550075B2E4 /* Frameworks */ = {
			isa = PBXFrameworksBuildPhase;
			buildActionMask = 2147483647;
			files = (
				846127C22F3F7C550075B2E4 /* SwiftUI.framework in Frameworks */,
				846127C02F3F7C550075B2E4 /* WidgetKit.framework in Frameworks */,
			);
			runOnlyForDeploymentPostprocessing = 0;
		};
		84EF4A1A2EFAC07C00EE4B89 /* Frameworks */ = {
			isa = PBXFrameworksBuildPhase;
			buildActionMask = 2147483647;
			files = (
			);
			runOnlyForDeploymentPostprocessing = 0;
		};
/* End PBXFrameworksBuildPhase section */

/* Begin PBXGroup section */
		846127BE2F3F7C550075B2E4 /* Frameworks */ = {
			isa = PBXGroup;
			children = (
				846127BF2F3F7C550075B2E4 /* WidgetKit.framework */,
				846127C12F3F7C550075B2E4 /* SwiftUI.framework */,
			);
			name = Frameworks;
			sourceTree = "<group>";
		};
		846127F42F3F9CD00075B2E4 /* Preview Content */ = {
			isa = PBXGroup;
			children = (
				846127F52F3F9D080075B2E4 /* PreviewData.swift */,
			);
			path = "Preview Content";
			sourceTree = "<group>";
		};
		849759A92F204D520049E62F /* Repository */ = {
			isa = PBXGroup;
			children = (
				84A18ADD2F3A7529008AB07B /* CollectionRepositoryFactory.swift */,
				84A18ADB2F3A3941008AB07B /* RemoteMangaCollectionRepository.swift */,
				84A18AD92F3A3812008AB07B /* LocalMangaCollectionRepository.swift */,
				84A18AD72F3A37D4008AB07B /* MangaCollectionRepository.swift */,
				849759AA2F204D5A0049E62F /* NetworkRepository.swift */,
				849759AC2F214DCD0049E62F /* Network.swift */,
				849759AE2F214DD30049E62F /* NetworkTest.swift */,
			);
			path = Repository;
			sourceTree = "<group>";
		};
		849759B02F2156610049E62F /* ViewModel */ = {
			isa = PBXGroup;
			children = (
				84A18AE32F3BACA4008AB07B /* RegisterViewModel.swift */,
				84A18AE12F3BAC8F008AB07B /* LoginViewModel.swift */,
				84A18A8D2F380972008AB07B /* AuthorViewModel.swift */,
				84A18A082F36C613008AB07B /* UserMangaCollectionViewModel.swift */,
				84FED6532F31797C00950A9F /* FiltersViewModel.swift */,
				849759B12F2156850049E62F /* MangaViewModel.swift */,
				849759F52F257B2A0049E62F /* BestMangaViewModel.swift */,
				849759C72F218E700049E62F /* SearchViewModel.swift */,
			);
			path = ViewModel;
			sourceTree = "<group>";
		};
		849759B32F2164630049E62F /* Views */ = {
			isa = PBXGroup;
			children = (
				846127B52F3EF29F0075B2E4 /* SearchViewiPad.swift */,
				84CF6EE32F3D44C400F2E6B5 /* AuthorMangaViewiPad.swift */,
				84A18AF52F3CD1BA008AB07B /* CollectionView.swift */,
				84A18AF32F3CD190008AB07B /* EmojiPickerView.swift */,
				84A18AED2F3C9576008AB07B /* ProfileView.swift */,
				84A18A912F386023008AB07B /* AddMangaToCollection.swift */,
				84A18A8B2F380912008AB07B /* AuthorMangaView.swift */,
				84FED6552F317A1800950A9F /* FiltersView.swift */,
				849759BB2F216B180049E62F /* MainTabView.swift */,
				84EF4A2C2EFAE00400EE4B89 /* ContentView.swift */,
				849759CB2F24EBCF0049E62F /* ContentViewiPad.swift */,
				849759CD2F2522EF0049E62F /* ListEmptyView.swift */,
				849759B92F21650F0049E62F /* MangaDetailView.swift */,
				849759C52F218E130049E62F /* SearchView.swift */,
			);
			path = Views;
			sourceTree = "<group>";
		};
		849759B42F21646A0049E62F /* Components */ = {
			isa = PBXGroup;
			children = (
				84A18A8F2F380B39008AB07B /* MangaGridCard.swift */,
				849759FB2F2583620049E62F /* MangaCard.swift */,
				849759B72F21649E0049E62F /* MangaRow.swift */,
			);
			path = Components;
			sourceTree = "<group>";
		};
		849759EF2F25396D0049E62F /* Styleguide */ = {
			isa = PBXGroup;
			children = (
				849759CF2F2526EF0049E62F /* AppColors.swift */,
			);
			path = Styleguide;
			sourceTree = "<group>";
		};
		849759F02F2545440049E62F /* Covers */ = {
			isa = PBXGroup;
			children = (
				849759F32F2545C70049E62F /* CoverVM.swift */,
				849759F12F25454A0049E62F /* CoverView.swift */,
			);
			path = Covers;
			sourceTree = "<group>";
		};
		84CF6EE72F3E458900F2E6B5 /* Mocks */ = {
			isa = PBXGroup;
			children = (
				84CF6EE82F3E459000F2E6B5 /* PreviewHelpers.swift */,
			);
			path = Mocks;
			sourceTree = "<group>";
		};
		84EF4A142EFAC07C00EE4B89 = {
			isa = PBXGroup;
			children = (
				84EF4A2E2EFAE00400EE4B89 /* Tanko */,
				846127C32F3F7C550075B2E4 /* TankoWidget */,
				846127BE2F3F7C550075B2E4 /* Frameworks */,
				84EF4A1E2EFAC07C00EE4B89 /* Products */,
			);
			sourceTree = "<group>";
		};
		84EF4A1E2EFAC07C00EE4B89 /* Products */ = {
			isa = PBXGroup;
			children = (
				84EF4A1D2EFAC07C00EE4B89 /* Tanko.app */,
				846127BD2F3F7C550075B2E4 /* TankoWidgetExtension.appex */,
			);
			name = Products;
			sourceTree = "<group>";
		};
		84EF4A2E2EFAE00400EE4B89 /* Tanko */ = {
			isa = PBXGroup;
			children = (
				846127B72F3EFF890075B2E4 /* LoadingView.swift */,
				84A18AF12F3CBD76008AB07B /* LocalDatabaseCleaner.swift */,
				84A18ADF2F3B441C008AB07B /* MangaCollectionSyncService.swift */,
				84A18AD52F3A265E008AB07B /* AuthError.swift */,
				84A18AD32F3A24B7008AB07B /* RegisterView.swift */,
				84A18AD12F3A2425008AB07B /* LoginView.swift */,
				84A18A992F39F0C8008AB07B /* OnboardingView.swift */,
				84A18A972F39F083008AB07B /* RootView.swift */,
				84A18A952F3925EB008AB07B /* KeychainService.swift */,
				84A18A932F3925AA008AB07B /* SessionManager.swift */,
				849759B32F2164630049E62F /* Views */,
				849759B42F21646A0049E62F /* Components */,
				849759F02F2545440049E62F /* Covers */,
				849759B02F2156610049E62F /* ViewModel */,
				849759A92F204D520049E62F /* Repository */,
				84EF9E012F1FA2CA00EC2491 /* DataModel */,
				84EF9E002F1F9DDF00EC2491 /* Interface */,
				84EF4A332EFAE02F00EE4B89 /* Model */,
				84EF9DFD2F1F989800EC2491 /* Extensions */,
				849759EF2F25396D0049E62F /* Styleguide */,
				846127F42F3F9CD00075B2E4 /* Preview Content */,
				84CF6EE72F3E458900F2E6B5 /* Mocks */,
				84EF4A322EFAE01B00EE4B89 /* System */,
				84EF4A2B2EFAE00400EE4B89 /* Assets.xcassets */,
				84B32A1E2F30E71B00F28131 /* Localizable.xcstrings */,
			);
			path = Tanko;
			sourceTree = "<group>";
		};
		84EF4A322EFAE01B00EE4B89 /* System */ = {
			isa = PBXGroup;
			children = (
				84A18AF72F3CD286008AB07B /* AppSettings.swift */,
				84EF4A2D2EFAE00400EE4B89 /* TankoApp.swift */,
			);
			path = System;
			sourceTree = "<group>";
		};
		84EF4A332EFAE02F00EE4B89 /* Model */ = {
			isa = PBXGroup;
			children = (
				84EF9DDD2F1EE68C00EC2491 /* Domain */,
				84EF9DDE2F1EE6AF00EC2491 /* DTO */,
			);
			path = Model;
			sourceTree = "<group>";
		};
		84EF9DDD2F1EE68C00EC2491 /* Domain */ = {
			isa = PBXGroup;
			children = (
				846128062F3FBD400075B2E4 /* UserMangaCollection.swift */,
				846127ED2F3F91530075B2E4 /* ReadingManga.swift */,
				84EF9DF32F1EF41300EC2491 /* Author.swift */,
				84EF9DF52F1EF4FE00EC2491 /* Enums.swift */,
				84EF9DF12F1EF36200EC2491 /* Manga.swift */,
				84EF9DF92F1EFA9000EC2491 /* Page.swift */,
				84EF9DF72F1EFA0B00EC2491 /* User.swift */,
			);
			path = Domain;
			sourceTree = "<group>";
		};
		84EF9DDE2F1EE6AF00EC2491 /* DTO */ = {
			isa = PBXGroup;
			children = (
				84EF9DE52F1EF24400EC2491 /* AuthorDTO.swift */,
				84EF9DE92F1EF2A400EC2491 /* CustomSearchDTO.swift */,
				84EF9DEF2F1EF2FA00EC2491 /* DemographicDTO.swift */,
				84EF9DEB2F1EF2C400EC2491 /* GenreDTO.swift */,
				84EF9DDF2F1EEAC100EC2491 /* MangaDTO.swift */,
				84EF9DE12F1EEF9100EC2491 /* PageDTO.swift */,
				84EF9DED2F1EF2DC00EC2491 /* ThemeDTO.swift */,
				84EF9DE32F1EF0B700EC2491 /* UserDTO.swift */,
				84EF9DE72F1EF25300EC2491 /* UserMangaCollectionDTO.swift */,
			);
			path = DTO;
			sourceTree = "<group>";
		};
		84EF9DFD2F1F989800EC2491 /* Extensions */ = {
			isa = PBXGroup;
			children = (
				84A18AE52F3BB06C008AB07B /* AuthValidator.swift */,
				849759C32F217D770049E62F /* UIImage.swift */,
				84EF9DFE2F1F9D0C00EC2491 /* Extensions.swift */,
			);
			path = Extensions;
			sourceTree = "<group>";
		};
		84EF9E002F1F9DDF00EC2491 /* Interface */ = {
			isa = PBXGroup;
			children = (
				84EF9E0C2F1FADFD00EC2491 /* URL.swift */,
				8497599D2F2000960049E62F /* URL+List.swift */,
				849759A12F2005650049E62F /* URL+Search.swift */,
				849759A32F2009220049E62F /* URL+Users.swift */,
				849759A52F200BA40049E62F /* URL+Collection.swift */,
				84EF9E0E2F1FAE1200EC2491 /* URLRequest.swift */,
				849759A72F203AA20049E62F /* URLRequest+Auth.swift */,
				84EF9E102F1FAE1900EC2491 /* URLSession.swift */,
				84EF9E122F1FAE2000EC2491 /* NetworkError.swift */,
				84EF9E142F1FAE2B00EC2491 /* NetworkInteractor.swift */,
				8497599F2F2001180049E62F /* NetworkConstants.swift */,
				849759C12F217D210049E62F /* ImageDownloader.swift */,
			);
			path = Interface;
			sourceTree = "<group>";
		};
		84EF9E012F1FA2CA00EC2491 /* DataModel */ = {
			isa = PBXGroup;
			children = (
				84EF9E022F1FA2D800EC2491 /* Model.swift */,
				84EF9E062F1FA2EF00EC2491 /* PreviewDataModel.swift */,
				84EF9E082F1FA2FC00EC2491 /* PreviewContainer.swift */,
				84EF9E0A2F1FA30600EC2491 /* DataContainer.swift */,
			);
			path = DataModel;
			sourceTree = "<group>";
		};
/* End PBXGroup section */

/* Begin PBXNativeTarget section */
		846127BC2F3F7C550075B2E4 /* TankoWidgetExtension */ = {
			isa = PBXNativeTarget;
			buildConfigurationList = 846127CF2F3F7C570075B2E4 /* Build configuration list for PBXNativeTarget "TankoWidgetExtension" */;
			buildPhases = (
				846127B92F3F7C550075B2E4 /* Sources */,
				846127BA2F3F7C550075B2E4 /* Frameworks */,
				846127BB2F3F7C550075B2E4 /* Resources */,
			);
			buildRules = (
			);
			dependencies = (
			);
			fileSystemSynchronizedGroups = (
				846127C32F3F7C550075B2E4 /* TankoWidget */,
			);
			name = TankoWidgetExtension;
			packageProductDependencies = (
			);
			productName = TankoWidgetExtension;
			productReference = 846127BD2F3F7C550075B2E4 /* TankoWidgetExtension.appex */;
			productType = "com.apple.product-type.app-extension";
		};
		84EF4A1C2EFAC07C00EE4B89 /* Tanko */ = {
			isa = PBXNativeTarget;
			buildConfigurationList = 84EF4A282EFAC07D00EE4B89 /* Build configuration list for PBXNativeTarget "Tanko" */;
			buildPhases = (
				84EF4A192EFAC07C00EE4B89 /* Sources */,
				84EF4A1A2EFAC07C00EE4B89 /* Frameworks */,
				84EF4A1B2EFAC07C00EE4B89 /* Resources */,
				846127D22F3F7C570075B2E4 /* Embed Foundation Extensions */,
			);
			buildRules = (
			);
			dependencies = (
				846127CC2F3F7C570075B2E4 /* PBXTargetDependency */,
			);
			name = Tanko;
			packageProductDependencies = (
			);
			productName = Tanko;
			productReference = 84EF4A1D2EFAC07C00EE4B89 /* Tanko.app */;
			productType = "com.apple.product-type.application";
		};
/* End PBXNativeTarget section */

/* Begin PBXProject section */
		84EF4A152EFAC07C00EE4B89 /* Project object */ = {
			isa = PBXProject;
			attributes = {
				BuildIndependentTargetsInParallel = 1;
				LastSwiftUpdateCheck = 2620;
				LastUpgradeCheck = 2620;
				TargetAttributes = {
					846127BC2F3F7C550075B2E4 = {
						CreatedOnToolsVersion = 26.2;
					};
					84EF4A1C2EFAC07C00EE4B89 = {
						CreatedOnToolsVersion = 26.1.1;
					};
				};
			};
			buildConfigurationList = 84EF4A182EFAC07C00EE4B89 /* Build configuration list for PBXProject "Tanko" */;
			developmentRegion = en;
			hasScannedForEncodings = 0;
			knownRegions = (
				en,
				Base,
				es,
			);
			mainGroup = 84EF4A142EFAC07C00EE4B89;
			minimizedProjectReferenceProxies = 1;
			preferredProjectObjectVersion = 77;
			productRefGroup = 84EF4A1E2EFAC07C00EE4B89 /* Products */;
			projectDirPath = "";
			projectRoot = "";
			targets = (
				84EF4A1C2EFAC07C00EE4B89 /* Tanko */,
				846127BC2F3F7C550075B2E4 /* TankoWidgetExtension */,
			);
		};
/* End PBXProject section */

/* Begin PBXResourcesBuildPhase section */
		846127BB2F3F7C550075B2E4 /* Resources */ = {
			isa = PBXResourcesBuildPhase;
			buildActionMask = 2147483647;
			files = (
				8461282C2F411B820075B2E4 /* Assets.xcassets in Resources */,
			);
			runOnlyForDeploymentPostprocessing = 0;
		};
		84EF4A1B2EFAC07C00EE4B89 /* Resources */ = {
			isa = PBXResourcesBuildPhase;
			buildActionMask = 2147483647;
			files = (
				84B32A1F2F30E71B00F28131 /* Localizable.xcstrings in Resources */,
				84EF4A2F2EFAE00400EE4B89 /* Assets.xcassets in Resources */,
			);
			runOnlyForDeploymentPostprocessing = 0;
		};
/* End PBXResourcesBuildPhase section */

/* Begin PBXSourcesBuildPhase section */
		846127B92F3F7C550075B2E4 /* Sources */ = {
			isa = PBXSourcesBuildPhase;
			buildActionMask = 2147483647;
			files = (
				846127EF2F3F97090075B2E4 /* ReadingManga.swift in Sources */,
			);
			runOnlyForDeploymentPostprocessing = 0;
		};
		84EF4A192EFAC07C00EE4B89 /* Sources */ = {
			isa = PBXSourcesBuildPhase;
			buildActionMask = 2147483647;
			files = (
				849759A02F20011E0049E62F /* NetworkConstants.swift in Sources */,
				84EF9E072F1FA2F900EC2491 /* PreviewDataModel.swift in Sources */,
				84A18ADE2F3A7531008AB07B /* CollectionRepositoryFactory.swift in Sources */,
				84EF9DE22F1EEF9400EC2491 /* PageDTO.swift in Sources */,
				84FED6562F317A1E00950A9F /* FiltersView.swift in Sources */,
				849759A82F203AAD0049E62F /* URLRequest+Auth.swift in Sources */,
				849759AD2F214DD00049E62F /* Network.swift in Sources */,
				849759FC2F2583650049E62F /* MangaCard.swift in Sources */,
				84A18AF62F3CD1BE008AB07B /* CollectionView.swift in Sources */,
				84EF9DEC2F1EF2C800EC2491 /* GenreDTO.swift in Sources */,
				84EF9DE02F1EEACC00EC2491 /* MangaDTO.swift in Sources */,
				849759A42F20092C0049E62F /* URL+Users.swift in Sources */,
				84A18A092F36C61A008AB07B /* UserMangaCollectionViewModel.swift in Sources */,
				846127EE2F3F91610075B2E4 /* ReadingManga.swift in Sources */,
				849759F62F257B2E0049E62F /* BestMangaViewModel.swift in Sources */,
				84EF9DF02F1EF2FF00EC2491 /* DemographicDTO.swift in Sources */,
				84A18A8C2F38091E008AB07B /* AuthorMangaView.swift in Sources */,
				84EF9DF82F1EFA0C00EC2491 /* User.swift in Sources */,
				84EF9DFA2F1EFA9200EC2491 /* Page.swift in Sources */,
				84EF9DFF2F1F9D1400EC2491 /* Extensions.swift in Sources */,
				84EF9DEE2F1EF2DF00EC2491 /* ThemeDTO.swift in Sources */,
				84EF9E152F1FAE3000EC2491 /* NetworkInteractor.swift in Sources */,
				84EF9E0D2F1FAE0800EC2491 /* URL.swift in Sources */,
				84A18A962F3925F2008AB07B /* KeychainService.swift in Sources */,
				84A18ADA2F3A381C008AB07B /* LocalMangaCollectionRepository.swift in Sources */,
				84A18AE62F3BB071008AB07B /* AuthValidator.swift in Sources */,
				84A18AF82F3CD29B008AB07B /* AppSettings.swift in Sources */,
				849759C22F217D260049E62F /* ImageDownloader.swift in Sources */,
				84A18A902F380B49008AB07B /* MangaGridCard.swift in Sources */,
				84A18A982F39F087008AB07B /* RootView.swift in Sources */,
				849759BC2F216B1C0049E62F /* MainTabView.swift in Sources */,
				846128072F3FBD490075B2E4 /* UserMangaCollection.swift in Sources */,
				846127F62F3F9D0B0075B2E4 /* PreviewData.swift in Sources */,
				84EF4A302EFAE00400EE4B89 /* ContentView.swift in Sources */,
				849759AB2F204D5F0049E62F /* NetworkRepository.swift in Sources */,
				849759CE2F2522FC0049E62F /* ListEmptyView.swift in Sources */,
				849759BA2F2165130049E62F /* MangaDetailView.swift in Sources */,
				849759C82F218E730049E62F /* SearchViewModel.swift in Sources */,
				84A18AF22F3CBD7C008AB07B /* LocalDatabaseCleaner.swift in Sources */,
				84EF9DE82F1EF25B00EC2491 /* UserMangaCollectionDTO.swift in Sources */,
				849759A22F20056C0049E62F /* URL+Search.swift in Sources */,
				84A18AF42F3CD198008AB07B /* EmojiPickerView.swift in Sources */,
				84EF9E092F1FA30400EC2491 /* PreviewContainer.swift in Sources */,
				849759F22F2545520049E62F /* CoverView.swift in Sources */,
				84EF9DF62F1EF50100EC2491 /* Enums.swift in Sources */,
				849759AF2F214DD70049E62F /* NetworkTest.swift in Sources */,
				84EF9E0F2F1FAE1700EC2491 /* URLRequest.swift in Sources */,
				84EF9DE62F1EF24600EC2491 /* AuthorDTO.swift in Sources */,
				84A18A8E2F380977008AB07B /* AuthorViewModel.swift in Sources */,
				84A18A942F3925B0008AB07B /* SessionManager.swift in Sources */,
				84A18AD42F3A24B9008AB07B /* RegisterView.swift in Sources */,
				84A18AE22F3BAC93008AB07B /* LoginViewModel.swift in Sources */,
				84EF9E112F1FAE1C00EC2491 /* URLSession.swift in Sources */,
				8497599E2F2000A40049E62F /* URL+List.swift in Sources */,
				84CF6EE92F3E459500F2E6B5 /* PreviewHelpers.swift in Sources */,
				849759D02F2526F50049E62F /* AppColors.swift in Sources */,
				84EF9DF42F1EF41500EC2491 /* Author.swift in Sources */,
				849759C62F218E180049E62F /* SearchView.swift in Sources */,
				849759CC2F24EBD60049E62F /* ContentViewiPad.swift in Sources */,
				84A18A922F386028008AB07B /* AddMangaToCollection.swift in Sources */,
				84A18A9A2F39F0D3008AB07B /* OnboardingView.swift in Sources */,
				84A18ADC2F3A3949008AB07B /* RemoteMangaCollectionRepository.swift in Sources */,
				849759B82F2164A20049E62F /* MangaRow.swift in Sources */,
				84A18AE42F3BACA8008AB07B /* RegisterViewModel.swift in Sources */,
				849759C42F217D7D0049E62F /* UIImage.swift in Sources */,
				84CF6EE42F3D44CF00F2E6B5 /* AuthorMangaViewiPad.swift in Sources */,
				846127B62F3EF2AE0075B2E4 /* SearchViewiPad.swift in Sources */,
				84EF9DEA2F1EF2AB00EC2491 /* CustomSearchDTO.swift in Sources */,
				849759A62F200BA80049E62F /* URL+Collection.swift in Sources */,
				846127B82F3EFF8D0075B2E4 /* LoadingView.swift in Sources */,
				84EF4A312EFAE00400EE4B89 /* TankoApp.swift in Sources */,
				849759B22F2156850049E62F /* MangaViewModel.swift in Sources */,
				849759F42F2545C90049E62F /* CoverVM.swift in Sources */,
				84A18AE02F3B4425008AB07B /* MangaCollectionSyncService.swift in Sources */,
				84EF9E032F1FA2DD00EC2491 /* Model.swift in Sources */,
				84EF9E0B2F1FA30D00EC2491 /* DataContainer.swift in Sources */,
				84A18AD62F3A2667008AB07B /* AuthError.swift in Sources */,
				84EF9E132F1FAE2700EC2491 /* NetworkError.swift in Sources */,
				84A18AD82F3A37DC008AB07B /* MangaCollectionRepository.swift in Sources */,
				84EF9DE42F1EF0D400EC2491 /* UserDTO.swift in Sources */,
				84FED6542F31798200950A9F /* FiltersViewModel.swift in Sources */,
				84A18AD22F3A242B008AB07B /* LoginView.swift in Sources */,
				84A18AEE2F3C957C008AB07B /* ProfileView.swift in Sources */,
				84EF9DF22F1EF36600EC2491 /* Manga.swift in Sources */,
			);
			runOnlyForDeploymentPostprocessing = 0;
		};
/* End PBXSourcesBuildPhase section */

/* Begin PBXTargetDependency section */
		846127CC2F3F7C570075B2E4 /* PBXTargetDependency */ = {
			isa = PBXTargetDependency;
			platformFilter = ios;
			target = 846127BC2F3F7C550075B2E4 /* TankoWidgetExtension */;
			targetProxy = 846127CB2F3F7C570075B2E4 /* PBXContainerItemProxy */;
		};
/* End PBXTargetDependency section */

/* Begin XCBuildConfiguration section */
		846127D02F3F7C570075B2E4 /* Debug */ = {
			isa = XCBuildConfiguration;
			buildSettings = {
				ASSETCATALOG_COMPILER_GLOBAL_ACCENT_COLOR_NAME = AccentColor;
				ASSETCATALOG_COMPILER_WIDGET_BACKGROUND_COLOR_NAME = WidgetBackground;
				CODE_SIGN_STYLE = Automatic;
				CURRENT_PROJECT_VERSION = 1;
				DEVELOPMENT_TEAM = 278P6L85U8;
				GENERATE_INFOPLIST_FILE = YES;
				INFOPLIST_FILE = TankoWidget/Info.plist;
				INFOPLIST_KEY_CFBundleDisplayName = TankoWidget;
				INFOPLIST_KEY_NSHumanReadableCopyright = "";
				IPHONEOS_DEPLOYMENT_TARGET = 26.2;
				LD_RUNPATH_SEARCH_PATHS = (
					"$(inherited)",
					"@executable_path/Frameworks",
					"@executable_path/../../Frameworks",
				);
				MARKETING_VERSION = 1.0;
				PRODUCT_BUNDLE_IDENTIFIER = com.dianars.Tanko.TankoWidget;
				PRODUCT_NAME = "$(TARGET_NAME)";
				SKIP_INSTALL = YES;
				STRING_CATALOG_GENERATE_SYMBOLS = YES;
				SWIFT_APPROACHABLE_CONCURRENCY = YES;
				SWIFT_EMIT_LOC_STRINGS = YES;
				SWIFT_UPCOMING_FEATURE_MEMBER_IMPORT_VISIBILITY = YES;
				SWIFT_VERSION = 5.0;
				TARGETED_DEVICE_FAMILY = "1,2";
			};
			name = Debug;
		};
		846127D12F3F7C570075B2E4 /* Release */ = {
			isa = XCBuildConfiguration;
			buildSettings = {
				ASSETCATALOG_COMPILER_GLOBAL_ACCENT_COLOR_NAME = AccentColor;
				ASSETCATALOG_COMPILER_WIDGET_BACKGROUND_COLOR_NAME = WidgetBackground;
				CODE_SIGN_STYLE = Automatic;
				CURRENT_PROJECT_VERSION = 1;
				DEVELOPMENT_TEAM = 278P6L85U8;
				GENERATE_INFOPLIST_FILE = YES;
				INFOPLIST_FILE = TankoWidget/Info.plist;
				INFOPLIST_KEY_CFBundleDisplayName = TankoWidget;
				INFOPLIST_KEY_NSHumanReadableCopyright = "";
				IPHONEOS_DEPLOYMENT_TARGET = 26.2;
				LD_RUNPATH_SEARCH_PATHS = (
					"$(inherited)",
					"@executable_path/Frameworks",
					"@executable_path/../../Frameworks",
				);
				MARKETING_VERSION = 1.0;
				PRODUCT_BUNDLE_IDENTIFIER = com.dianars.Tanko.TankoWidget;
				PRODUCT_NAME = "$(TARGET_NAME)";
				SKIP_INSTALL = YES;
				STRING_CATALOG_GENERATE_SYMBOLS = YES;
				SWIFT_APPROACHABLE_CONCURRENCY = YES;
				SWIFT_EMIT_LOC_STRINGS = YES;
				SWIFT_UPCOMING_FEATURE_MEMBER_IMPORT_VISIBILITY = YES;
				SWIFT_VERSION = 5.0;
				TARGETED_DEVICE_FAMILY = "1,2";
			};
			name = Release;
		};
		84EF4A262EFAC07D00EE4B89 /* Debug */ = {
			isa = XCBuildConfiguration;
			buildSettings = {
				ALWAYS_SEARCH_USER_PATHS = NO;
				ASSETCATALOG_COMPILER_GENERATE_SWIFT_ASSET_SYMBOL_EXTENSIONS = YES;
				CLANG_ANALYZER_NONNULL = YES;
				CLANG_ANALYZER_NUMBER_OBJECT_CONVERSION = YES_AGGRESSIVE;
				CLANG_CXX_LANGUAGE_STANDARD = "gnu++20";
				CLANG_ENABLE_MODULES = YES;
				CLANG_ENABLE_OBJC_ARC = YES;
				CLANG_ENABLE_OBJC_WEAK = YES;
				CLANG_WARN_BLOCK_CAPTURE_AUTORELEASING = YES;
				CLANG_WARN_BOOL_CONVERSION = YES;
				CLANG_WARN_COMMA = YES;
				CLANG_WARN_CONSTANT_CONVERSION = YES;
				CLANG_WARN_DEPRECATED_OBJC_IMPLEMENTATIONS = YES;
				CLANG_WARN_DIRECT_OBJC_ISA_USAGE = YES_ERROR;
				CLANG_WARN_DOCUMENTATION_COMMENTS = YES;
				CLANG_WARN_EMPTY_BODY = YES;
				CLANG_WARN_ENUM_CONVERSION = YES;
				CLANG_WARN_INFINITE_RECURSION = YES;
				CLANG_WARN_INT_CONVERSION = YES;
				CLANG_WARN_NON_LITERAL_NULL_CONVERSION = YES;
				CLANG_WARN_OBJC_IMPLICIT_RETAIN_SELF = YES;
				CLANG_WARN_OBJC_LITERAL_CONVERSION = YES;
				CLANG_WARN_OBJC_ROOT_CLASS = YES_ERROR;
				CLANG_WARN_QUOTED_INCLUDE_IN_FRAMEWORK_HEADER = YES;
				CLANG_WARN_RANGE_LOOP_ANALYSIS = YES;
				CLANG_WARN_STRICT_PROTOTYPES = YES;
				CLANG_WARN_SUSPICIOUS_MOVE = YES;
				CLANG_WARN_UNGUARDED_AVAILABILITY = YES_AGGRESSIVE;
				CLANG_WARN_UNREACHABLE_CODE = YES;
				CLANG_WARN__DUPLICATE_METHOD_MATCH = YES;
				COPY_PHASE_STRIP = NO;
				DEBUG_INFORMATION_FORMAT = dwarf;
				DEVELOPMENT_TEAM = 278P6L85U8;
				ENABLE_STRICT_OBJC_MSGSEND = YES;
				ENABLE_TESTABILITY = YES;
				ENABLE_USER_SCRIPT_SANDBOXING = YES;
				GCC_C_LANGUAGE_STANDARD = gnu17;
				GCC_DYNAMIC_NO_PIC = NO;
				GCC_NO_COMMON_BLOCKS = YES;
				GCC_OPTIMIZATION_LEVEL = 0;
				GCC_PREPROCESSOR_DEFINITIONS = (
					"DEBUG=1",
					"$(inherited)",
				);
				GCC_WARN_64_TO_32_BIT_CONVERSION = YES;
				GCC_WARN_ABOUT_RETURN_TYPE = YES_ERROR;
				GCC_WARN_UNDECLARED_SELECTOR = YES;
				GCC_WARN_UNINITIALIZED_AUTOS = YES_AGGRESSIVE;
				GCC_WARN_UNUSED_FUNCTION = YES;
				GCC_WARN_UNUSED_VARIABLE = YES;
				IPHONEOS_DEPLOYMENT_TARGET = 26.1;
				LOCALIZATION_PREFERS_STRING_CATALOGS = YES;
				MTL_ENABLE_DEBUG_INFO = INCLUDE_SOURCE;
				MTL_FAST_MATH = YES;
				ONLY_ACTIVE_ARCH = YES;
				SDKROOT = iphoneos;
				STRING_CATALOG_GENERATE_SYMBOLS = YES;
				SWIFT_ACTIVE_COMPILATION_CONDITIONS = "DEBUG $(inherited)";
				SWIFT_APPROACHABLE_CONCURRENCY = NO;
				SWIFT_DEFAULT_ACTOR_ISOLATION = nonisolated;
				SWIFT_EMIT_LOC_STRINGS = YES;
				SWIFT_OPTIMIZATION_LEVEL = "-Onone";
				SWIFT_VERSION = 6.0;
			};
			name = Debug;
		};
		84EF4A272EFAC07D00EE4B89 /* Release */ = {
			isa = XCBuildConfiguration;
			buildSettings = {
				ALWAYS_SEARCH_USER_PATHS = NO;
				ASSETCATALOG_COMPILER_GENERATE_SWIFT_ASSET_SYMBOL_EXTENSIONS = YES;
				CLANG_ANALYZER_NONNULL = YES;
				CLANG_ANALYZER_NUMBER_OBJECT_CONVERSION = YES_AGGRESSIVE;
				CLANG_CXX_LANGUAGE_STANDARD = "gnu++20";
				CLANG_ENABLE_MODULES = YES;
				CLANG_ENABLE_OBJC_ARC = YES;
				CLANG_ENABLE_OBJC_WEAK = YES;
				CLANG_WARN_BLOCK_CAPTURE_AUTORELEASING = YES;
				CLANG_WARN_BOOL_CONVERSION = YES;
				CLANG_WARN_COMMA = YES;
				CLANG_WARN_CONSTANT_CONVERSION = YES;
				CLANG_WARN_DEPRECATED_OBJC_IMPLEMENTATIONS = YES;
				CLANG_WARN_DIRECT_OBJC_ISA_USAGE = YES_ERROR;
				CLANG_WARN_DOCUMENTATION_COMMENTS = YES;
				CLANG_WARN_EMPTY_BODY = YES;
				CLANG_WARN_ENUM_CONVERSION = YES;
				CLANG_WARN_INFINITE_RECURSION = YES;
				CLANG_WARN_INT_CONVERSION = YES;
				CLANG_WARN_NON_LITERAL_NULL_CONVERSION = YES;
				CLANG_WARN_OBJC_IMPLICIT_RETAIN_SELF = YES;
				CLANG_WARN_OBJC_LITERAL_CONVERSION = YES;
				CLANG_WARN_OBJC_ROOT_CLASS = YES_ERROR;
				CLANG_WARN_QUOTED_INCLUDE_IN_FRAMEWORK_HEADER = YES;
				CLANG_WARN_RANGE_LOOP_ANALYSIS = YES;
				CLANG_WARN_STRICT_PROTOTYPES = YES;
				CLANG_WARN_SUSPICIOUS_MOVE = YES;
				CLANG_WARN_UNGUARDED_AVAILABILITY = YES_AGGRESSIVE;
				CLANG_WARN_UNREACHABLE_CODE = YES;
				CLANG_WARN__DUPLICATE_METHOD_MATCH = YES;
				COPY_PHASE_STRIP = NO;
				DEBUG_INFORMATION_FORMAT = "dwarf-with-dsym";
				DEVELOPMENT_TEAM = 278P6L85U8;
				ENABLE_NS_ASSERTIONS = NO;
				ENABLE_STRICT_OBJC_MSGSEND = YES;
				ENABLE_USER_SCRIPT_SANDBOXING = YES;
				GCC_C_LANGUAGE_STANDARD = gnu17;
				GCC_NO_COMMON_BLOCKS = YES;
				GCC_WARN_64_TO_32_BIT_CONVERSION = YES;
				GCC_WARN_ABOUT_RETURN_TYPE = YES_ERROR;
				GCC_WARN_UNDECLARED_SELECTOR = YES;
				GCC_WARN_UNINITIALIZED_AUTOS = YES_AGGRESSIVE;
				GCC_WARN_UNUSED_FUNCTION = YES;
				GCC_WARN_UNUSED_VARIABLE = YES;
				IPHONEOS_DEPLOYMENT_TARGET = 26.1;
				LOCALIZATION_PREFERS_STRING_CATALOGS = YES;
				MTL_ENABLE_DEBUG_INFO = NO;
				MTL_FAST_MATH = YES;
				SDKROOT = iphoneos;
				STRING_CATALOG_GENERATE_SYMBOLS = YES;
				SWIFT_APPROACHABLE_CONCURRENCY = NO;
				SWIFT_COMPILATION_MODE = wholemodule;
				SWIFT_DEFAULT_ACTOR_ISOLATION = nonisolated;
				SWIFT_EMIT_LOC_STRINGS = YES;
				SWIFT_VERSION = 6.0;
				VALIDATE_PRODUCT = YES;
			};
			name = Release;
		};
		84EF4A292EFAC07D00EE4B89 /* Debug */ = {
			isa = XCBuildConfiguration;
			buildSettings = {
				ASSETCATALOG_COMPILER_APPICON_NAME = AppIcon;
				ASSETCATALOG_COMPILER_GLOBAL_ACCENT_COLOR_NAME = AccentColor;
				CODE_SIGN_STYLE = Automatic;
				CURRENT_PROJECT_VERSION = 1;
				DEVELOPMENT_TEAM = 278P6L85U8;
				ENABLE_APP_SANDBOX = YES;
				ENABLE_HARDENED_RUNTIME = YES;
				ENABLE_OUTGOING_NETWORK_CONNECTIONS = YES;
				ENABLE_PREVIEWS = YES;
				GENERATE_INFOPLIST_FILE = YES;
				INFOPLIST_KEY_UIApplicationSceneManifest_Generation = YES;
				INFOPLIST_KEY_UIApplicationSupportsIndirectInputEvents = YES;
				INFOPLIST_KEY_UILaunchScreen_Generation = YES;
				INFOPLIST_KEY_UISupportedInterfaceOrientations_iPad = "UIInterfaceOrientationPortrait UIInterfaceOrientationPortraitUpsideDown UIInterfaceOrientationLandscapeLeft UIInterfaceOrientationLandscapeRight";
				INFOPLIST_KEY_UISupportedInterfaceOrientations_iPhone = "UIInterfaceOrientationPortrait UIInterfaceOrientationLandscapeLeft UIInterfaceOrientationLandscapeRight";
				LD_RUNPATH_SEARCH_PATHS = (
					"$(inherited)",
					"@executable_path/Frameworks",
				);
				MARKETING_VERSION = 1.0;
				PRODUCT_BUNDLE_IDENTIFIER = com.dianars.Tanko;
				PRODUCT_NAME = "$(TARGET_NAME)";
				REGISTER_APP_GROUPS = YES;
				STRING_CATALOG_GENERATE_SYMBOLS = YES;
				SUPPORTED_PLATFORMS = "iphoneos iphonesimulator";
				SUPPORTS_MACCATALYST = YES;
				SUPPORTS_MAC_DESIGNED_FOR_IPHONE_IPAD = NO;
				SUPPORTS_XR_DESIGNED_FOR_IPHONE_IPAD = NO;
				SWIFT_APPROACHABLE_CONCURRENCY = NO;
				SWIFT_DEFAULT_ACTOR_ISOLATION = nonisolated;
				SWIFT_EMIT_LOC_STRINGS = YES;
				SWIFT_UPCOMING_FEATURE_MEMBER_IMPORT_VISIBILITY = YES;
				SWIFT_VERSION = 6.0;
				TARGETED_DEVICE_FAMILY = "1,2,6";
			};
			name = Debug;
		};
		84EF4A2A2EFAC07D00EE4B89 /* Release */ = {
			isa = XCBuildConfiguration;
			buildSettings = {
				ASSETCATALOG_COMPILER_APPICON_NAME = AppIcon;
				ASSETCATALOG_COMPILER_GLOBAL_ACCENT_COLOR_NAME = AccentColor;
				CODE_SIGN_STYLE = Automatic;
				CURRENT_PROJECT_VERSION = 1;
				DEVELOPMENT_TEAM = 278P6L85U8;
				ENABLE_APP_SANDBOX = YES;
				ENABLE_HARDENED_RUNTIME = YES;
				ENABLE_OUTGOING_NETWORK_CONNECTIONS = YES;
				ENABLE_PREVIEWS = YES;
				GENERATE_INFOPLIST_FILE = YES;
				INFOPLIST_KEY_UIApplicationSceneManifest_Generation = YES;
				INFOPLIST_KEY_UIApplicationSupportsIndirectInputEvents = YES;
				INFOPLIST_KEY_UILaunchScreen_Generation = YES;
				INFOPLIST_KEY_UISupportedInterfaceOrientations_iPad = "UIInterfaceOrientationPortrait UIInterfaceOrientationPortraitUpsideDown UIInterfaceOrientationLandscapeLeft UIInterfaceOrientationLandscapeRight";
				INFOPLIST_KEY_UISupportedInterfaceOrientations_iPhone = "UIInterfaceOrientationPortrait UIInterfaceOrientationLandscapeLeft UIInterfaceOrientationLandscapeRight";
				LD_RUNPATH_SEARCH_PATHS = (
					"$(inherited)",
					"@executable_path/Frameworks",
				);
				MARKETING_VERSION = 1.0;
				PRODUCT_BUNDLE_IDENTIFIER = com.dianars.Tanko;
				PRODUCT_NAME = "$(TARGET_NAME)";
				REGISTER_APP_GROUPS = YES;
				STRING_CATALOG_GENERATE_SYMBOLS = YES;
				SUPPORTED_PLATFORMS = "iphoneos iphonesimulator";
				SUPPORTS_MACCATALYST = YES;
				SUPPORTS_MAC_DESIGNED_FOR_IPHONE_IPAD = NO;
				SUPPORTS_XR_DESIGNED_FOR_IPHONE_IPAD = NO;
				SWIFT_APPROACHABLE_CONCURRENCY = NO;
				SWIFT_DEFAULT_ACTOR_ISOLATION = nonisolated;
				SWIFT_EMIT_LOC_STRINGS = YES;
				SWIFT_UPCOMING_FEATURE_MEMBER_IMPORT_VISIBILITY = YES;
				SWIFT_VERSION = 6.0;
				TARGETED_DEVICE_FAMILY = "1,2,6";
			};
			name = Release;
		};
/* End XCBuildConfiguration section */

/* Begin XCConfigurationList section */
		846127CF2F3F7C570075B2E4 /* Build configuration list for PBXNativeTarget "TankoWidgetExtension" */ = {
			isa = XCConfigurationList;
			buildConfigurations = (
				846127D02F3F7C570075B2E4 /* Debug */,
				846127D12F3F7C570075B2E4 /* Release */,
			);
			defaultConfigurationIsVisible = 0;
			defaultConfigurationName = Release;
		};
		84EF4A182EFAC07C00EE4B89 /* Build configuration list for PBXProject "Tanko" */ = {
			isa = XCConfigurationList;
			buildConfigurations = (
				84EF4A262EFAC07D00EE4B89 /* Debug */,
				84EF4A272EFAC07D00EE4B89 /* Release */,
			);
			defaultConfigurationIsVisible = 0;
			defaultConfigurationName = Release;
		};
		84EF4A282EFAC07D00EE4B89 /* Build configuration list for PBXNativeTarget "Tanko" */ = {
			isa = XCConfigurationList;
			buildConfigurations = (
				84EF4A292EFAC07D00EE4B89 /* Debug */,
				84EF4A2A2EFAC07D00EE4B89 /* Release */,
			);
			defaultConfigurationIsVisible = 0;
			defaultConfigurationName = Release;
		};
/* End XCConfigurationList section */
	};
	rootObject = 84EF4A152EFAC07C00EE4B89 /* Project object */;
}
